lockfileVersion: '6.0'

settings:
  autoInstallPeers: true
  excludeLinksFromLockfile: false

devDependencies:
  prisma:
    specifier: ^4.15.0
    version: 4.15.0

packages:

  /@prisma/engines@4.15.0:
    resolution: {integrity: sha512-FTaOCGs0LL0OW68juZlGxFtYviZa4xdQj/rQEdat2txw0s3Vu/saAPKjNVXfIgUsGXmQ72HPgNr6935/P8FNAA==}
    requiresBuild: true
    dev: true

  /prisma@4.15.0:
    resolution: {integrity: sha512-iKZZpobPl48gTcSZVawLMQ3lEy6BnXwtoMj7hluoGFYu2kQ6F9LBuBrUyF95zRVnNo8/3KzLXJXJ5TEnLSJFiA==}
    engines: {node: '>=14.17'}
    hasBin: true
    requiresBuild: true
    dependencies:
      '@prisma/engines': 4.15.0
    dev: true
